
Microsoft Visual Studio Solution File, Format Version 12.00
# Visual Studio Version 17
VisualStudioVersion = 17.5.33502.453
MinimumVisualStudioVersion = 10.0.40219.1
Project("{FAE04EC0-301F-11D3-BF4B-00C04F79EFBC}") = "Store.API", "Store.API\Store.API.csproj", "{547FA655-61A6-4B08-AB7A-D34256876BF5}"
EndProject
Project("{E53339B2-1760-4266-BCC7-CA923CBCF16C}") = "docker-compose", "docker-compose.dcproj", "{1D692E03-4A6B-4A55-8EC7-4A5B9356409D}"
EndProject
Global
	GlobalSection(SolutionConfigurationPlatforms) = preSolution
		Debug|Any CPU = Debug|Any CPU
		Release|Any CPU = Release|Any CPU
	EndGlobalSection
	GlobalSection(ProjectConfigurationPlatforms) = postSolution
		{547FA655-61A6-4B08-AB7A-D34256876BF5}.Debug|Any CPU.ActiveCfg = Debug|Any CPU
		{547FA655-61A6-4B08-AB7A-D34256876BF5}.Debug|Any CPU.Build.0 = Debug|Any CPU
		{547FA655-61A6-4B08-AB7A-D34256876BF5}.Release|Any CPU.ActiveCfg = Release|Any CPU
		{547FA655-61A6-4B08-AB7A-D34256876BF5}.Release|Any CPU.Build.0 = Release|Any CPU
		{1D692E03-4A6B-4A55-8EC7-4A5B9356409D}.Debug|Any CPU.ActiveCfg = Debug|Any CPU
		{1D692E03-4A6B-4A55-8EC7-4A5B9356409D}.Debug|Any CPU.Build.0 = Debug|Any CPU
		{1D692E03-4A6B-4A55-8EC7-4A5B9356409D}.Release|Any CPU.ActiveCfg = Release|Any CPU
		{1D692E03-4A6B-4A55-8EC7-4A5B9356409D}.Release|Any CPU.Build.0 = Release|Any CPU
	EndGlobalSection
	GlobalSection(SolutionProperties) = preSolution
		HideSolutionNode = FALSE
	EndGlobalSection
	GlobalSection(ExtensibilityGlobals) = postSolution
		SolutionGuid = {B2A9B803-4F4D-4A22-8D1A-C18ADF39E9A2}
	EndGlobalSection
EndGlobal
